
Microsoft Visual Studio Solution File, Format Version 12.00
# Visual Studio 2012
Project("{FAE04EC0-301F-11D3-BF4B-00C04F79EFBC}") = "SHSContacts", "SHSContacts\SHSContacts.csproj", "{56045317-41A4-4F41-8355-E07C3D0D8FDF}"
EndProject
Global
	GlobalSection(SolutionConfigurationPlatforms) = preSolution
		Debug|Any CPU = Debug|Any CPU
		Release|Any CPU = Release|Any CPU
	EndGlobalSection
	GlobalSection(ProjectConfigurationPlatforms) = postSolution
		{56045317-41A4-4F41-8355-E07C3D0D8FDF}.Debug|Any CPU.ActiveCfg = Debug|Any CPU
		{56045317-41A4-4F41-8355-E07C3D0D8FDF}.Debug|Any CPU.Build.0 = Debug|Any CPU
		{56045317-41A4-4F41-8355-E07C3D0D8FDF}.Release|Any CPU.ActiveCfg = Release|Any CPU
		{56045317-41A4-4F41-8355-E07C3D0D8FDF}.Release|Any CPU.Build.0 = Release|Any CPU
	EndGlobalSection
	GlobalSection(SolutionProperties) = preSolution
		HideSolutionNode = FALSE
	EndGlobalSection
EndGlobal
